// !$*UTF8*$!
{
	archiveVersion = 1;
	classes = {
	};
	objectVersion = 46;
	objects = {

/* Begin PBXBuildFile section */
		50388DE9197EA79F00B863BD /* 1.jpg in Resources */ = {isa = PBXBuildFile; fileRef = 50388DE8197EA79F00B863BD /* 1.jpg */; };
		50388DEE197EA8B500B863BD /* icon@2x.png in Resources */ = {isa = PBXBuildFile; fileRef = 50388DED197EA8B500B863BD /* icon@2x.png */; };
		50388DF0197EA9B300B863BD /* Images.xcassets in Resources */ = {isa = PBXBuildFile; fileRef = 50388DEF197EA9B300B863BD /* Images.xcassets */; };
		507A1E41197E67AD00CAF7C9 /* main.m in Sources */ = {isa = PBXBuildFile; fileRef = 507A1E40197E67AD00CAF7C9 /* main.m */; };
		507A1E44197E67AD00CAF7C9 /* AppDelegate.m in Sources */ = {isa = PBXBuildFile; fileRef = 507A1E43197E67AD00CAF7C9 /* AppDelegate.m */; };
		507A1E47197E67AD00CAF7C9 /* ViewController.m in Sources */ = {isa = PBXBuildFile; fileRef = 507A1E46197E67AD00CAF7C9 /* ViewController.m */; };
		507A1E4A197E67AD00CAF7C9 /* Main.storyboard in Resources */ = {isa = PBXBuildFile; fileRef = 507A1E48197E67AD00CAF7C9 /* Main.storyboard */; };
		507A1E4C197E67AD00CAF7C9 /* Images.xcassets in Resources */ = {isa = PBXBuildFile; fileRef = 507A1E4B197E67AD00CAF7C9 /* Images.xcassets */; };
		507A1E58197E67AD00CAF7C9 /* AppExtensionDemoTests.m in Sources */ = {isa = PBXBuildFile; fileRef = 507A1E57197E67AD00CAF7C9 /* AppExtensionDemoTests.m */; };
		507A1E6B197E684000CAF7C9 /* ActionViewController.m in Sources */ = {isa = PBXBuildFile; fileRef = 507A1E6A197E684000CAF7C9 /* ActionViewController.m */; };
		507A1E6D197E684000CAF7C9 /* MainInterface.storyboard in Resources */ = {isa = PBXBuildFile; fileRef = 507A1E6C197E684000CAF7C9 /* MainInterface.storyboard */; };
		507A1E70197E684000CAF7C9 /* com.lxd.AppExtensionDemo.actionExtent.appex in Embed App Extensions */ = {isa = PBXBuildFile; fileRef = 507A1E65197E684000CAF7C9 /* com.lxd.AppExtensionDemo.actionExtent.appex */; };
/* End PBXBuildFile section */

/* Begin PBXContainerItemProxy section */
		507A1E52197E67AD00CAF7C9 /* PBXContainerItemProxy */ = {
			isa = PBXContainerItemProxy;
			containerPortal = 507A1E33197E67AD00CAF7C9 /* Project object */;
			proxyType = 1;
			remoteGlobalIDString = 507A1E3A197E67AD00CAF7C9;
			remoteInfo = AppExtensionDemo;
		};
		507A1E6E197E684000CAF7C9 /* PBXContainerItemProxy */ = {
			isa = PBXContainerItemProxy;
			containerPortal = 507A1E33197E67AD00CAF7C9 /* Project object */;
			proxyType = 1;
			remoteGlobalIDString = 507A1E64197E684000CAF7C9;
			remoteInfo = actionExtent;
		};
		507A1E71197E684000CAF7C9 /* PBXContainerItemProxy */ = {
			isa = PBXContainerItemProxy;
			containerPortal = 507A1E33197E67AD00CAF7C9 /* Project object */;
			proxyType = 1;
			remoteGlobalIDString = 507A1E64197E684000CAF7C9;
			remoteInfo = actionExtent;
		};
/* End PBXContainerItemProxy section */

/* Begin PBXCopyFilesBuildPhase section */
		507A1E76197E684000CAF7C9 /* Embed App Extensions */ = {
			isa = PBXCopyFilesBuildPhase;
			buildActionMask = 2147483647;
			dstPath = "";
			dstSubfolderSpec = 13;
			files = (
				507A1E70197E684000CAF7C9 /* com.lxd.AppExtensionDemo.actionExtent.appex in Embed App Extensions */,
			);
			name = "Embed App Extensions";
			runOnlyForDeploymentPostprocessing = 0;
		};
/* End PBXCopyFilesBuildPhase section */

/* Begin PBXFileReference section */
		50388DE8197EA79F00B863BD /* 1.jpg */ = {isa = PBXFileReference; lastKnownFileType = image.jpeg; path = 1.jpg; sourceTree = "<group>"; };
		50388DED197EA8B500B863BD /* icon@2x.png */ = {isa = PBXFileReference; lastKnownFileType = image.png; path = "icon@2x.png"; sourceTree = "<group>"; };
		50388DEF197EA9B300B863BD /* Images.xcassets */ = {isa = PBXFileReference; lastKnownFileType = folder.assetcatalog; path = Images.xcassets; sourceTree = "<group>"; };
		507A1E3B197E67AD00CAF7C9 /* AppExtensionDemo.app */ = {isa = PBXFileReference; explicitFileType = wrapper.application; includeInIndex = 0; path = AppExtensionDemo.app; sourceTree = BUILT_PRODUCTS_DIR; };
		507A1E3F197E67AD00CAF7C9 /* Info.plist */ = {isa = PBXFileReference; lastKnownFileType = text.plist.xml; path = Info.plist; sourceTree = "<group>"; };
		507A1E40197E67AD00CAF7C9 /* main.m */ = {isa = PBXFileReference; lastKnownFileType = sourcecode.c.objc; path = main.m; sourceTree = "<group>"; };
		507A1E42197E67AD00CAF7C9 /* AppDelegate.h */ = {isa = PBXFileReference; lastKnownFileType = sourcecode.c.h; path = AppDelegate.h; sourceTree = "<group>"; };
		507A1E43197E67AD00CAF7C9 /* AppDelegate.m */ = {isa = PBXFileReference; lastKnownFileType = sourcecode.c.objc; path = AppDelegate.m; sourceTree = "<group>"; };
		507A1E45197E67AD00CAF7C9 /* ViewController.h */ = {isa = PBXFileReference; lastKnownFileType = sourcecode.c.h; path = ViewController.h; sourceTree = "<group>"; };
		507A1E46197E67AD00CAF7C9 /* ViewController.m */ = {isa = PBXFileReference; lastKnownFileType = sourcecode.c.objc; path = ViewController.m; sourceTree = "<group>"; };
		507A1E49197E67AD00CAF7C9 /* Base */ = {isa = PBXFileReference; lastKnownFileType = file.storyboard; name = Base; path = Base.lproj/Main.storyboard; sourceTree = "<group>"; };
		507A1E4B197E67AD00CAF7C9 /* Images.xcassets */ = {isa = PBXFileReference; lastKnownFileType = folder.assetcatalog; path = Images.xcassets; sourceTree = "<group>"; };
		507A1E51197E67AD00CAF7C9 /* AppExtensionDemoTests.xctest */ = {isa = PBXFileReference; explicitFileType = wrapper.cfbundle; includeInIndex = 0; path = AppExtensionDemoTests.xctest; sourceTree = BUILT_PRODUCTS_DIR; };
		507A1E56197E67AD00CAF7C9 /* Info.plist */ = {isa = PBXFileReference; lastKnownFileType = text.plist.xml; path = Info.plist; sourceTree = "<group>"; };
		507A1E57197E67AD00CAF7C9 /* AppExtensionDemoTests.m */ = {isa = PBXFileReference; lastKnownFileType = sourcecode.c.objc; path = AppExtensionDemoTests.m; sourceTree = "<group>"; };
		507A1E65197E684000CAF7C9 /* com.lxd.AppExtensionDemo.actionExtent.appex */ = {isa = PBXFileReference; explicitFileType = "wrapper.app-extension"; includeInIndex = 0; path = com.lxd.AppExtensionDemo.actionExtent.appex; sourceTree = BUILT_PRODUCTS_DIR; };
		507A1E68197E684000CAF7C9 /* Info.plist */ = {isa = PBXFileReference; lastKnownFileType = text.plist.xml; path = Info.plist; sourceTree = "<group>"; };
		507A1E69197E684000CAF7C9 /* ActionViewController.h */ = {isa = PBXFileReference; lastKnownFileType = sourcecode.c.h; path = ActionViewController.h; sourceTree = "<group>"; };
		507A1E6A197E684000CAF7C9 /* ActionViewController.m */ = {isa = PBXFileReference; lastKnownFileType = sourcecode.c.objc; path = ActionViewController.m; sourceTree = "<group>"; };
		507A1E6C197E684000CAF7C9 /* MainInterface.storyboard */ = {isa = PBXFileReference; lastKnownFileType = file.storyboard; path = MainInterface.storyboard; sourceTree = "<group>"; };
/* End PBXFileReference section */

/* Begin PBXFrameworksBuildPhase section */
		507A1E38197E67AD00CAF7C9 /* Frameworks */ = {
			isa = PBXFrameworksBuildPhase;
			buildActionMask = 2147483647;
			files = (
			);
			runOnlyForDeploymentPostprocessing = 0;
		};
		507A1E4E197E67AD00CAF7C9 /* Frameworks */ = {
			isa = PBXFrameworksBuildPhase;
			buildActionMask = 2147483647;
			files = (
			);
			runOnlyForDeploymentPostprocessing = 0;
		};
		507A1E62197E684000CAF7C9 /* Frameworks */ = {
			isa = PBXFrameworksBuildPhase;
			buildActionMask = 2147483647;
			files = (
			);
			runOnlyForDeploymentPostprocessing = 0;
		};
/* End PBXFrameworksBuildPhase section */

/* Begin PBXGroup section */
		50388DEA197EA81100B863BD /* image */ = {
			isa = PBXGroup;
			children = (
				50388DED197EA8B500B863BD /* icon@2x.png */,
			);
			path = image;
			sourceTree = "<group>";
		};
		507A1E32197E67AD00CAF7C9 = {
			isa = PBXGroup;
			children = (
				507A1E3D197E67AD00CAF7C9 /* AppExtensionDemo */,
				507A1E54197E67AD00CAF7C9 /* AppExtensionDemoTests */,
				507A1E66197E684000CAF7C9 /* actionExtent */,
				507A1E3C197E67AD00CAF7C9 /* Products */,
			);
			sourceTree = "<group>";
		};
		507A1E3C197E67AD00CAF7C9 /* Products */ = {
			isa = PBXGroup;
			children = (
				507A1E3B197E67AD00CAF7C9 /* AppExtensionDemo.app */,
				507A1E51197E67AD00CAF7C9 /* AppExtensionDemoTests.xctest */,
				507A1E65197E684000CAF7C9 /* com.lxd.AppExtensionDemo.actionExtent.appex */,
			);
			name = Products;
			sourceTree = "<group>";
		};
		507A1E3D197E67AD00CAF7C9 /* AppExtensionDemo */ = {
			isa = PBXGroup;
			children = (
				507A1E42197E67AD00CAF7C9 /* AppDelegate.h */,
				507A1E43197E67AD00CAF7C9 /* AppDelegate.m */,
				507A1E45197E67AD00CAF7C9 /* ViewController.h */,
				507A1E46197E67AD00CAF7C9 /* ViewController.m */,
				507A1E48197E67AD00CAF7C9 /* Main.storyboard */,
				507A1E4B197E67AD00CAF7C9 /* Images.xcassets */,
				50DDAA76197E6EC300B7D969 /* images */,
				507A1E3E197E67AD00CAF7C9 /* Supporting Files */,
			);
			path = AppExtensionDemo;
			sourceTree = "<group>";
		};
		507A1E3E197E67AD00CAF7C9 /* Supporting Files */ = {
			isa = PBXGroup;
			children = (
				507A1E3F197E67AD00CAF7C9 /* Info.plist */,
				507A1E40197E67AD00CAF7C9 /* main.m */,
			);
			name = "Supporting Files";
			sourceTree = "<group>";
		};
		507A1E54197E67AD00CAF7C9 /* AppExtensionDemoTests */ = {
			isa = PBXGroup;
			children = (
				507A1E57197E67AD00CAF7C9 /* AppExtensionDemoTests.m */,
				507A1E55197E67AD00CAF7C9 /* Supporting Files */,
			);
			path = AppExtensionDemoTests;
			sourceTree = "<group>";
		};
		507A1E55197E67AD00CAF7C9 /* Supporting Files */ = {
			isa = PBXGroup;
			children = (
				507A1E56197E67AD00CAF7C9 /* Info.plist */,
			);
			name = "Supporting Files";
			sourceTree = "<group>";
		};
		507A1E66197E684000CAF7C9 /* actionExtent */ = {
			isa = PBXGroup;
			children = (
				507A1E69197E684000CAF7C9 /* ActionViewController.h */,
				507A1E6A197E684000CAF7C9 /* ActionViewController.m */,
				507A1E6C197E684000CAF7C9 /* MainInterface.storyboard */,
				50388DEA197EA81100B863BD /* image */,
				50388DEF197EA9B300B863BD /* Images.xcassets */,
				507A1E67197E684000CAF7C9 /* Supporting Files */,
			);
			path = actionExtent;
			sourceTree = "<group>";
		};
		507A1E67197E684000CAF7C9 /* Supporting Files */ = {
			isa = PBXGroup;
			children = (
				507A1E68197E684000CAF7C9 /* Info.plist */,
			);
			name = "Supporting Files";
			sourceTree = "<group>";
		};
		50DDAA76197E6EC300B7D969 /* images */ = {
			isa = PBXGroup;
			children = (
				50388DE8197EA79F00B863BD /* 1.jpg */,
			);
			path = images;
			sourceTree = "<group>";
		};
/* End PBXGroup section */

/* Begin PBXNativeTarget section */
		507A1E3A197E67AD00CAF7C9 /* AppExtensionDemo */ = {
			isa = PBXNativeTarget;
			buildConfigurationList = 507A1E5B197E67AD00CAF7C9 /* Build configuration list for PBXNativeTarget "AppExtensionDemo" */;
			buildPhases = (
				507A1E37197E67AD00CAF7C9 /* Sources */,
				507A1E38197E67AD00CAF7C9 /* Frameworks */,
				507A1E39197E67AD00CAF7C9 /* Resources */,
				507A1E76197E684000CAF7C9 /* Embed App Extensions */,
			);
			buildRules = (
			);
			dependencies = (
				507A1E6F197E684000CAF7C9 /* PBXTargetDependency */,
				507A1E72197E684000CAF7C9 /* PBXTargetDependency */,
			);
			name = AppExtensionDemo;
			productName = AppExtensionDemo;
			productReference = 507A1E3B197E67AD00CAF7C9 /* AppExtensionDemo.app */;
			productType = "com.apple.product-type.application";
		};
		507A1E50197E67AD00CAF7C9 /* AppExtensionDemoTests */ = {
			isa = PBXNativeTarget;
			buildConfigurationList = 507A1E5E197E67AD00CAF7C9 /* Build configuration list for PBXNativeTarget "AppExtensionDemoTests" */;
			buildPhases = (
				507A1E4D197E67AD00CAF7C9 /* Sources */,
				507A1E4E197E67AD00CAF7C9 /* Frameworks */,
				507A1E4F197E67AD00CAF7C9 /* Resources */,
			);
			buildRules = (
			);
			dependencies = (
				507A1E53197E67AD00CAF7C9 /* PBXTargetDependency */,
			);
			name = AppExtensionDemoTests;
			productName = AppExtensionDemoTests;
			productReference = 507A1E51197E67AD00CAF7C9 /* AppExtensionDemoTests.xctest */;
			productType = "com.apple.product-type.bundle.unit-test";
		};
		507A1E64197E684000CAF7C9 /* actionExtent */ = {
			isa = PBXNativeTarget;
			buildConfigurationList = 507A1E73197E684000CAF7C9 /* Build configuration list for PBXNativeTarget "actionExtent" */;
			buildPhases = (
				507A1E61197E684000CAF7C9 /* Sources */,
				507A1E62197E684000CAF7C9 /* Frameworks */,
				507A1E63197E684000CAF7C9 /* Resources */,
			);
			buildRules = (
			);
			dependencies = (
			);
			name = actionExtent;
			productName = actionExtent;
			productReference = 507A1E65197E684000CAF7C9 /* com.lxd.AppExtensionDemo.actionExtent.appex */;
			productType = "com.apple.product-type.app-extension";
		};
/* End PBXNativeTarget section */

/* Begin PBXProject section */
		507A1E33197E67AD00CAF7C9 /* Project object */ = {
			isa = PBXProject;
			attributes = {
				LastUpgradeCheck = 0600;
				ORGANIZATIONNAME = sun;
				TargetAttributes = {
					507A1E3A197E67AD00CAF7C9 = {
						CreatedOnToolsVersion = 6.0;
					};
					507A1E50197E67AD00CAF7C9 = {
						CreatedOnToolsVersion = 6.0;
						TestTargetID = 507A1E3A197E67AD00CAF7C9;
					};
					507A1E64197E684000CAF7C9 = {
						CreatedOnToolsVersion = 6.0;
					};
				};
			};
			buildConfigurationList = 507A1E36197E67AD00CAF7C9 /* Build configuration list for PBXProject "AppExtensionDemo" */;
			compatibilityVersion = "Xcode 3.2";
			developmentRegion = English;
			hasScannedForEncodings = 0;
			knownRegions = (
				en,
				Base,
			);
			mainGroup = 507A1E32197E67AD00CAF7C9;
			productRefGroup = 507A1E3C197E67AD00CAF7C9 /* Products */;
			projectDirPath = "";
			projectRoot = "";
			targets = (
				507A1E3A197E67AD00CAF7C9 /* AppExtensionDemo */,
				507A1E50197E67AD00CAF7C9 /* AppExtensionDemoTests */,
				507A1E64197E684000CAF7C9 /* actionExtent */,
			);
		};
/* End PBXProject section */

/* Begin PBXResourcesBuildPhase section */
		507A1E39197E67AD00CAF7C9 /* Resources */ = {
			isa = PBXResourcesBuildPhase;
			buildActionMask = 2147483647;
			files = (
				50388DE9197EA79F00B863BD /* 1.jpg in Resources */,
				507A1E4A197E67AD00CAF7C9 /* Main.storyboard in Resources */,
				507A1E4C197E67AD00CAF7C9 /* Images.xcassets in Resources */,
			);
			runOnlyForDeploymentPostprocessing = 0;
		};
		507A1E4F197E67AD00CAF7C9 /* Resources */ = {
			isa = PBXResourcesBuildPhase;
			buildActionMask = 2147483647;
			files = (
			);
			runOnlyForDeploymentPostprocessing = 0;
		};
		507A1E63197E684000CAF7C9 /* Resources */ = {
			isa = PBXResourcesBuildPhase;
			buildActionMask = 2147483647;
			files = (
				50388DF0197EA9B300B863BD /* Images.xcassets in Resources */,
				507A1E6D197E684000CAF7C9 /* MainInterface.storyboard in Resources */,
				50388DEE197EA8B500B863BD /* icon@2x.png in Resources */,
			);
			runOnlyForDeploymentPostprocessing = 0;
		};
/* End PBXResourcesBuildPhase section */

/* Begin PBXSourcesBuildPhase section */
		507A1E37197E67AD00CAF7C9 /* Sources */ = {
			isa = PBXSourcesBuildPhase;
			buildActionMask = 2147483647;
			files = (
				507A1E47197E67AD00CAF7C9 /* ViewController.m in Sources */,
				507A1E44197E67AD00CAF7C9 /* AppDelegate.m in Sources */,
				507A1E41197E67AD00CAF7C9 /* main.m in Sources */,
			);
			runOnlyForDeploymentPostprocessing = 0;
		};
		507A1E4D197E67AD00CAF7C9 /* Sources */ = {
			isa = PBXSourcesBuildPhase;
			buildActionMask = 2147483647;
			files = (
				507A1E58197E67AD00CAF7C9 /* AppExtensionDemoTests.m in Sources */,
			);
			runOnlyForDeploymentPostprocessing = 0;
		};
		507A1E61197E684000CAF7C9 /* Sources */ = {
			isa = PBXSourcesBuildPhase;
			buildActionMask = 2147483647;
			files = (
				507A1E6B197E684000CAF7C9 /* ActionViewController.m in Sources */,
			);
			runOnlyForDeploymentPostprocessing = 0;
		};
/* End PBXSourcesBuildPhase section */

/* Begin PBXTargetDependency section */
		507A1E53197E67AD00CAF7C9 /* PBXTargetDependency */ = {
			isa = PBXTargetDependency;
			target = 507A1E3A197E67AD00CAF7C9 /* AppExtensionDemo */;
			targetProxy = 507A1E52197E67AD00CAF7C9 /* PBXContainerItemProxy */;
		};
		507A1E6F197E684000CAF7C9 /* PBXTargetDependency */ = {
			isa = PBXTargetDependency;
			target = 507A1E64197E684000CAF7C9 /* actionExtent */;
			targetProxy = 507A1E6E197E684000CAF7C9 /* PBXContainerItemProxy */;
		};
		507A1E72197E684000CAF7C9 /* PBXTargetDependency */ = {
			isa = PBXTargetDependency;
			target = 507A1E64197E684000CAF7C9 /* actionExtent */;
			targetProxy = 507A1E71197E684000CAF7C9 /* PBXContainerItemProxy */;
		};
/* End PBXTargetDependency section */

/* Begin PBXVariantGroup section */
		507A1E48197E67AD00CAF7C9 /* Main.storyboard */ = {
			isa = PBXVariantGroup;
			children = (
				507A1E49197E67AD00CAF7C9 /* Base */,
			);
			name = Main.storyboard;
			sourceTree = "<group>";
		};
/* End PBXVariantGroup section */

/* Begin XCBuildConfiguration section */
		507A1E59197E67AD00CAF7C9 /* Debug */ = {
			isa = XCBuildConfiguration;
			buildSettings = {
				ALWAYS_SEARCH_USER_PATHS = NO;
				CLANG_CXX_LANGUAGE_STANDARD = "gnu++0x";
				CLANG_CXX_LIBRARY = "libc++";
				CLANG_ENABLE_MODULES = YES;
				CLANG_ENABLE_OBJC_ARC = YES;
				CLANG_WARN_BOOL_CONVERSION = YES;
				CLANG_WARN_CONSTANT_CONVERSION = YES;
				CLANG_WARN_DIRECT_OBJC_ISA_USAGE = YES_ERROR;
				CLANG_WARN_EMPTY_BODY = YES;
				CLANG_WARN_ENUM_CONVERSION = YES;
				CLANG_WARN_INT_CONVERSION = YES;
				CLANG_WARN_OBJC_ROOT_CLASS = YES_ERROR;
				CLANG_WARN_UNREACHABLE_CODE = YES;
				CLANG_WARN__DUPLICATE_METHOD_MATCH = YES;
				"CODE_SIGN_IDENTITY[sdk=iphoneos*]" = "iPhone Developer";
				COPY_PHASE_STRIP = NO;
				ENABLE_STRICT_OBJC_MSGSEND = YES;
				GCC_C_LANGUAGE_STANDARD = gnu99;
				GCC_DYNAMIC_NO_PIC = NO;
				GCC_OPTIMIZATION_LEVEL = 0;
				GCC_PREPROCESSOR_DEFINITIONS = (
					"DEBUG=1",
					"$(inherited)",
				);
				GCC_SYMBOLS_PRIVATE_EXTERN = NO;
				GCC_WARN_64_TO_32_BIT_CONVERSION = YES;
				GCC_WARN_ABOUT_RETURN_TYPE = YES_ERROR;
				GCC_WARN_UNDECLARED_SELECTOR = YES;
				GCC_WARN_UNINITIALIZED_AUTOS = YES_AGGRESSIVE;
				GCC_WARN_UNUSED_FUNCTION = YES;
				GCC_WARN_UNUSED_VARIABLE = YES;
				IPHONEOS_DEPLOYMENT_TARGET = 8.0;
				METAL_ENABLE_DEBUG_INFO = YES;
				ONLY_ACTIVE_ARCH = YES;
				SDKROOT = iphoneos;
			};
			name = Debug;
		};
		507A1E5A197E67AD00CAF7C9 /* Release */ = {
			isa = XCBuildConfiguration;
			buildSettings = {
				ALWAYS_SEARCH_USER_PATHS = NO;
				CLANG_CXX_LANGUAGE_STANDARD = "gnu++0x";
				CLANG_CXX_LIBRARY = "libc++";
				CLANG_ENABLE_MODULES = YES;
				CLANG_ENABLE_OBJC_ARC = YES;
				CLANG_WARN_BOOL_CONVERSION = YES;
				CLANG_WARN_CONSTANT_CONVERSION = YES;
				CLANG_WARN_DIRECT_OBJC_ISA_USAGE = YES_ERROR;
				CLANG_WARN_EMPTY_BODY = YES;
				CLANG_WARN_ENUM_CONVERSION = YES;
				CLANG_WARN_INT_CONVERSION = YES;
				CLANG_WARN_OBJC_ROOT_CLASS = YES_ERROR;
				CLANG_WARN_UNREACHABLE_CODE = YES;
				CLANG_WARN__DUPLICATE_METHOD_MATCH = YES;
				"CODE_SIGN_IDENTITY[sdk=iphoneos*]" = "iPhone Developer";
				COPY_PHASE_STRIP = YES;
				ENABLE_NS_ASSERTIONS = NO;
				ENABLE_STRICT_OBJC_MSGSEND = YES;
				GCC_C_LANGUAGE_STANDARD = gnu99;
				GCC_WARN_64_TO_32_BIT_CONVERSION = YES;
				GCC_WARN_ABOUT_RETURN_TYPE = YES_ERROR;
				GCC_WARN_UNDECLARED_SELECTOR = YES;
				GCC_WARN_UNINITIALIZED_AUTOS = YES_AGGRESSIVE;
				GCC_WARN_UNUSED_FUNCTION = YES;
				GCC_WARN_UNUSED_VARIABLE = YES;
				IPHONEOS_DEPLOYMENT_TARGET = 8.0;
				METAL_ENABLE_DEBUG_INFO = NO;
				SDKROOT = iphoneos;
				VALIDATE_PRODUCT = YES;
			};
			name = Release;
		};
		507A1E5C197E67AD00CAF7C9 /* Debug */ = {
			isa = XCBuildConfiguration;
			buildSettings = {
				ASSETCATALOG_COMPILER_APPICON_NAME = AppIcon;
				ASSETCATALOG_COMPILER_LAUNCHIMAGE_NAME = LaunchImage;
				INFOPLIST_FILE = AppExtensionDemo/Info.plist;
				LD_RUNPATH_SEARCH_PATHS = "$(inherited) @executable_path/Frameworks";
				PRODUCT_NAME = "$(TARGET_NAME)";
			};
			name = Debug;
		};
		507A1E5D197E67AD00CAF7C9 /* Release */ = {
			isa = XCBuildConfiguration;
			buildSettings = {
				ASSETCATALOG_COMPILER_APPICON_NAME = AppIcon;
				ASSETCATALOG_COMPILER_LAUNCHIMAGE_NAME = LaunchImage;
				INFOPLIST_FILE = AppExtensionDemo/Info.plist;
				LD_RUNPATH_SEARCH_PATHS = "$(inherited) @executable_path/Frameworks";
				PRODUCT_NAME = "$(TARGET_NAME)";
			};
			name = Release;
		};
		507A1E5F197E67AD00CAF7C9 /* Debug */ = {
			isa = XCBuildConfiguration;
			buildSettings = {
				BUNDLE_LOADER = "$(BUILT_PRODUCTS_DIR)/AppExtensionDemo.app/AppExtensionDemo";
				FRAMEWORK_SEARCH_PATHS = (
					"$(SDKROOT)/Developer/Library/Frameworks",
					"$(inherited)",
				);
				GCC_PREPROCESSOR_DEFINITIONS = (
					"DEBUG=1",
					"$(inherited)",
				);
				INFOPLIST_FILE = AppExtensionDemoTests/Info.plist;
				LD_RUNPATH_SEARCH_PATHS = "$(inherited) @executable_path/Frameworks @loader_path/Frameworks";
				METAL_ENABLE_DEBUG_INFO = YES;
				PRODUCT_NAME = "$(TARGET_NAME)";
				TEST_HOST = "$(BUNDLE_LOADER)";
			};
			name = Debug;
		};
		507A1E60197E67AD00CAF7C9 /* Release */ = {
			isa = XCBuildConfiguration;
			buildSettings = {
				BUNDLE_LOADER = "$(BUILT_PRODUCTS_DIR)/AppExtensionDemo.app/AppExtensionDemo";
				FRAMEWORK_SEARCH_PATHS = (
					"$(SDKROOT)/Developer/Library/Frameworks",
					"$(inherited)",
				);
				INFOPLIST_FILE = AppExtensionDemoTests/Info.plist;
				LD_RUNPATH_SEARCH_PATHS = "$(inherited) @executable_path/Frameworks @loader_path/Frameworks";
				METAL_ENABLE_DEBUG_INFO = NO;
				PRODUCT_NAME = "$(TARGET_NAME)";
				TEST_HOST = "$(BUNDLE_LOADER)";
			};
			name = Release;
		};
		507A1E74197E684000CAF7C9 /* Debug */ = {
			isa = XCBuildConfiguration;
			buildSettings = {
				ASSETCATALOG_COMPILER_APPICON_NAME = AppIcon;
				ASSETCATALOG_COMPILER_LAUNCHIMAGE_NAME = LaunchImage;
				GCC_PREPROCESSOR_DEFINITIONS = (
					"DEBUG=1",
					"$(inherited)",
				);
				INFOPLIST_FILE = actionExtent/Info.plist;
				LD_RUNPATH_SEARCH_PATHS = "$(inherited) @executable_path/Frameworks @executable_path/../../Frameworks";
				METAL_ENABLE_DEBUG_INFO = YES;
				PRODUCT_NAME = "com.lxd.AppExtensionDemo.$(TARGET_NAME:rfc1034identifier)";
				SKIP_INSTALL = YES;
			};
			name = Debug;
		};
		507A1E75197E684000CAF7C9 /* Release */ = {
			isa = XCBuildConfiguration;
			buildSettings = {
				ASSETCATALOG_COMPILER_APPICON_NAME = AppIcon;
				ASSETCATALOG_COMPILER_LAUNCHIMAGE_NAME = LaunchImage;
				INFOPLIST_FILE = actionExtent/Info.plist;
				LD_RUNPATH_SEARCH_PATHS = "$(inherited) @executable_path/Frameworks @executable_path/../../Frameworks";
				METAL_ENABLE_DEBUG_INFO = NO;
				PRODUCT_NAME = "com.lxd.AppExtensionDemo.$(TARGET_NAME:rfc1034identifier)";
				SKIP_INSTALL = YES;
			};
			name = Release;
		};
/* End XCBuildConfiguration section */

/* Begin XCConfigurationList section */
		507A1E36197E67AD00CAF7C9 /* Build configuration list for PBXProject "AppExtensionDemo" */ = {
			isa = XCConfigurationList;
			buildConfigurations = (
				507A1E59197E67AD00CAF7C9 /* Debug */,
				507A1E5A197E67AD00CAF7C9 /* Release */,
			);
			defaultConfigurationIsVisible = 0;
			defaultConfigurationName = Release;
		};
		507A1E5B197E67AD00CAF7C9 /* Build configuration list for PBXNativeTarget "AppExtensionDemo" */ = {
			isa = XCConfigurationList;
			buildConfigurations = (
				507A1E5C197E67AD00CAF7C9 /* Debug */,
				507A1E5D197E67AD00CAF7C9 /* Release */,
			);
			defaultConfigurationIsVisible = 0;
			defaultConfigurationName = Release;
		};
		507A1E5E197E67AD00CAF7C9 /* Build configuration list for PBXNativeTarget "AppExtensionDemoTests" */ = {
			isa = XCConfigurationList;
			buildConfigurations = (
				507A1E5F197E67AD00CAF7C9 /* Debug */,
				507A1E60197E67AD00CAF7C9 /* Release */,
			);
			defaultConfigurationIsVisible = 0;
			defaultConfigurationName = Release;
		};
		507A1E73197E684000CAF7C9 /* Build configuration list for PBXNativeTarget "actionExtent" */ = {
			isa = XCConfigurationList;
			buildConfigurations = (
				507A1E74197E684000CAF7C9 /* Debug */,
				507A1E75197E684000CAF7C9 /* Release */,
			);
			defaultConfigurationIsVisible = 0;
			defaultConfigurationName = Release;
		};
/* End XCConfigurationList section */
	};
	rootObject = 507A1E33197E67AD00CAF7C9 /* Project object */;
}
